
Microsoft Visual Studio Solution File, Format Version 12.00
# Visual Studio Version 16
VisualStudioVersion = 16.0.31424.327
MinimumVisualStudioVersion = 10.0.40219.1
Project("{FAE04EC0-301F-11D3-BF4B-00C04F79EFBC}") = "MVC", "MVC\MVC.csproj", "{DC0B83A1-A9E2-45E9-821E-FCDA439E07AB}"
EndProject
Global
	GlobalSection(SolutionConfigurationPlatforms) = preSolution
		Debug|Any CPU = Debug|Any CPU
		Release|Any CPU = Release|Any CPU
	EndGlobalSection
	GlobalSection(ProjectConfigurationPlatforms) = postSolution
		{DC0B83A1-A9E2-45E9-821E-FCDA439E07AB}.Debug|Any CPU.ActiveCfg = Debug|Any CPU
		{DC0B83A1-A9E2-45E9-821E-FCDA439E07AB}.Debug|Any CPU.Build.0 = Debug|Any CPU
		{DC0B83A1-A9E2-45E9-821E-FCDA439E07AB}.Release|Any CPU.ActiveCfg = Release|Any CPU
		{DC0B83A1-A9E2-45E9-821E-FCDA439E07AB}.Release|Any CPU.Build.0 = Release|Any CPU
	EndGlobalSection
	GlobalSection(SolutionProperties) = preSolution
		HideSolutionNode = FALSE
	EndGlobalSection
	GlobalSection(ExtensibilityGlobals) = postSolution
		SolutionGuid = {BF769F92-6965-47F7-92ED-43541BDC5C00}
	EndGlobalSection
EndGlobal
